
Microsoft Visual Studio Solution File, Format Version 12.00
# Visual Studio Version 16
VisualStudioVersion = 16.0.28809.33
MinimumVisualStudioVersion = 10.0.40219.1
Project("{778DAE3C-4631-46EA-AA77-85C1314464D9}") = "2.1.AhoraEs", "2.1.AhoraEs\2.1.AhoraEs.vbproj", "{4FD491B5-03A9-4433-B1FF-4EFF77929CDD}"
EndProject
Project("{778DAE3C-4631-46EA-AA77-85C1314464D9}") = "2.2.Nueva_fecha", "2.2.Nueva_fecha\2.2.Nueva_fecha.vbproj", "{9F3C5A04-9DAE-4C39-B0D4-E0448D6BD384}"
EndProject
Project("{778DAE3C-4631-46EA-AA77-85C1314464D9}") = "2.3.Hipotenusa", "2.3.Hipotenusa\2.3.Hipotenusa.vbproj", "{01FA9FD8-55CC-4556-A0C8-BF46A8F8A74F}"
EndProject
Project("{778DAE3C-4631-46EA-AA77-85C1314464D9}") = "2.4.CincoPotencias", "2.4.CincoPotencias\2.4.CincoPotencias.vbproj", "{92ED5ABA-E090-4741-86D1-8D64F583AE4F}"
EndProject
Project("{778DAE3C-4631-46EA-AA77-85C1314464D9}") = "2.5.VolumenCilindro", "2.5.VolumenCilindro\2.5.VolumenCilindro.vbproj", "{493A9DBE-7DCC-4ABE-AAC2-58DD816ADC2B}"
EndProject
Project("{778DAE3C-4631-46EA-AA77-85C1314464D9}") = "2.6.Sumas", "2.6.Sumas\2.6.Sumas.vbproj", "{9FA9866F-DCAE-4144-8D0B-2FFD0937E991}"
EndProject
Project("{778DAE3C-4631-46EA-AA77-85C1314464D9}") = "2.7.CalculaSuperficie", "2.7.CalculaSuperficie\2.7.CalculaSuperficie.vbproj", "{0103D4BD-EAE6-4FBD-9787-DB05B2999179}"
EndProject
Project("{F184B08F-C81C-45F6-A57F-5ABD9991F28F}") = "2.8.Acumuladora", "2.8.Acumuladora\2.8.Acumuladora.vbproj", "{344A9154-91A8-446B-A286-5C7D593AE7E1}"
EndProject
Global
	GlobalSection(SolutionConfigurationPlatforms) = preSolution
		Debug|Any CPU = Debug|Any CPU
		Release|Any CPU = Release|Any CPU
	EndGlobalSection
	GlobalSection(ProjectConfigurationPlatforms) = postSolution
		{4FD491B5-03A9-4433-B1FF-4EFF77929CDD}.Debug|Any CPU.ActiveCfg = Debug|Any CPU
		{4FD491B5-03A9-4433-B1FF-4EFF77929CDD}.Debug|Any CPU.Build.0 = Debug|Any CPU
		{4FD491B5-03A9-4433-B1FF-4EFF77929CDD}.Release|Any CPU.ActiveCfg = Release|Any CPU
		{4FD491B5-03A9-4433-B1FF-4EFF77929CDD}.Release|Any CPU.Build.0 = Release|Any CPU
		{9F3C5A04-9DAE-4C39-B0D4-E0448D6BD384}.Debug|Any CPU.ActiveCfg = Debug|Any CPU
		{9F3C5A04-9DAE-4C39-B0D4-E0448D6BD384}.Debug|Any CPU.Build.0 = Debug|Any CPU
		{9F3C5A04-9DAE-4C39-B0D4-E0448D6BD384}.Release|Any CPU.ActiveCfg = Release|Any CPU
		{9F3C5A04-9DAE-4C39-B0D4-E0448D6BD384}.Release|Any CPU.Build.0 = Release|Any CPU
		{01FA9FD8-55CC-4556-A0C8-BF46A8F8A74F}.Debug|Any CPU.ActiveCfg = Debug|Any CPU
		{01FA9FD8-55CC-4556-A0C8-BF46A8F8A74F}.Debug|Any CPU.Build.0 = Debug|Any CPU
		{01FA9FD8-55CC-4556-A0C8-BF46A8F8A74F}.Release|Any CPU.ActiveCfg = Release|Any CPU
		{01FA9FD8-55CC-4556-A0C8-BF46A8F8A74F}.Release|Any CPU.Build.0 = Release|Any CPU
		{92ED5ABA-E090-4741-86D1-8D64F583AE4F}.Debug|Any CPU.ActiveCfg = Debug|Any CPU
		{92ED5ABA-E090-4741-86D1-8D64F583AE4F}.Debug|Any CPU.Build.0 = Debug|Any CPU
		{92ED5ABA-E090-4741-86D1-8D64F583AE4F}.Release|Any CPU.ActiveCfg = Release|Any CPU
		{92ED5ABA-E090-4741-86D1-8D64F583AE4F}.Release|Any CPU.Build.0 = Release|Any CPU
		{493A9DBE-7DCC-4ABE-AAC2-58DD816ADC2B}.Debug|Any CPU.ActiveCfg = Debug|Any CPU
		{493A9DBE-7DCC-4ABE-AAC2-58DD816ADC2B}.Debug|Any CPU.Build.0 = Debug|Any CPU
		{493A9DBE-7DCC-4ABE-AAC2-58DD816ADC2B}.Release|Any CPU.ActiveCfg = Release|Any CPU
		{493A9DBE-7DCC-4ABE-AAC2-58DD816ADC2B}.Release|Any CPU.Build.0 = Release|Any CPU
		{9FA9866F-DCAE-4144-8D0B-2FFD0937E991}.Debug|Any CPU.ActiveCfg = Debug|Any CPU
		{9FA9866F-DCAE-4144-8D0B-2FFD0937E991}.Debug|Any CPU.Build.0 = Debug|Any CPU
		{9FA9866F-DCAE-4144-8D0B-2FFD0937E991}.Release|Any CPU.ActiveCfg = Release|Any CPU
		{9FA9866F-DCAE-4144-8D0B-2FFD0937E991}.Release|Any CPU.Build.0 = Release|Any CPU
		{0103D4BD-EAE6-4FBD-9787-DB05B2999179}.Debug|Any CPU.ActiveCfg = Debug|Any CPU
		{0103D4BD-EAE6-4FBD-9787-DB05B2999179}.Debug|Any CPU.Build.0 = Debug|Any CPU
		{0103D4BD-EAE6-4FBD-9787-DB05B2999179}.Release|Any CPU.ActiveCfg = Release|Any CPU
		{0103D4BD-EAE6-4FBD-9787-DB05B2999179}.Release|Any CPU.Build.0 = Release|Any CPU
		{344A9154-91A8-446B-A286-5C7D593AE7E1}.Debug|Any CPU.ActiveCfg = Debug|Any CPU
		{344A9154-91A8-446B-A286-5C7D593AE7E1}.Debug|Any CPU.Build.0 = Debug|Any CPU
		{344A9154-91A8-446B-A286-5C7D593AE7E1}.Release|Any CPU.ActiveCfg = Release|Any CPU
		{344A9154-91A8-446B-A286-5C7D593AE7E1}.Release|Any CPU.Build.0 = Release|Any CPU
	EndGlobalSection
	GlobalSection(SolutionProperties) = preSolution
		HideSolutionNode = FALSE
	EndGlobalSection
	GlobalSection(ExtensibilityGlobals) = postSolution
		SolutionGuid = {A7139329-4923-4DE5-B5A4-B7DDA653FF47}
	EndGlobalSection
EndGlobal
